PODS:
  - TCNDataEncoding (0.0.2):
    - TCNDataEncoding/ras-base64 (= 0.0.2)
  - TCNDataEncoding/ras-base64 (0.0.2)
  - TCNDeviceInfo (0.0.03):
    - TCNDataEncoding (~> 0.0.2)

DEPENDENCIES:
  - TCNDeviceInfo (from `../`)

EXTERNAL SOURCES:
  TCNDeviceInfo:
    :path: "../"

SPEC CHECKSUMS:
  TCNDataEncoding: 54569c285df52ccd07907ed4c7039e581c9dad61
  TCNDeviceInfo: fba0edb92d675009bdb845624782b65e110521de

PODFILE CHECKSUM: cce3f97f87f82d425e46f7ed8c472aa12e2e8815

COCOAPODS: 1.2.1
