PODS:
  - TCNDataEncoding (0.0.1):
    - TCNDataEncoding/ras-base64 (= 0.0.1)
  - TCNDataEncoding/ras-base64 (0.0.1)
  - TCNDeviceInfo (0.0.01):
    - TCNDataEncoding (= 0.0.1)

DEPENDENCIES:
  - TCNDeviceInfo (from `../`)

EXTERNAL SOURCES:
  TCNDeviceInfo:
    :path: "../"

SPEC CHECKSUMS:
  TCNDataEncoding: c73a9d9fa34d828da017eb78bde25a6aad4a0e4e
  TCNDeviceInfo: b5ece82c34e137f135bd27cebc1cb4ff44f61494

PODFILE CHECKSUM: cce3f97f87f82d425e46f7ed8c472aa12e2e8815

COCOAPODS: 1.2.1
